// !$*UTF8*$!
{
	archiveVersion = 1;
	classes = {
	};
	objectVersion = 46;
	objects = {

/* Begin PBXBuildFile section */
		1A231E641E13BC7E0023EF02 /* UILabel+extension.swift in Sources */ = {isa = PBXBuildFile; fileRef = 1A231E631E13BC7E0023EF02 /* UILabel+extension.swift */; };
		1A231E681E13E4BA0023EF02 /* HSScheduleModel.swift in Sources */ = {isa = PBXBuildFile; fileRef = 1A231E671E13E4BA0023EF02 /* HSScheduleModel.swift */; };
		1A231E6A1E13E4F90023EF02 /* HSScheduleCell.swift in Sources */ = {isa = PBXBuildFile; fileRef = 1A231E691E13E4F90023EF02 /* HSScheduleCell.swift */; };
		1AA288751E12BD8F001902D9 /* UIImage+WithColor.swift in Sources */ = {isa = PBXBuildFile; fileRef = 1AA288741E12BD8F001902D9 /* UIImage+WithColor.swift */; };
		1AB16AA01E0E56B300972AFF /* HSScheduleViewController.swift in Sources */ = {isa = PBXBuildFile; fileRef = 1AB16A9F1E0E56B300972AFF /* HSScheduleViewController.swift */; };
		1AB16AA21E0E56CA00972AFF /* HSAboutUsViewController.swift in Sources */ = {isa = PBXBuildFile; fileRef = 1AB16AA11E0E56CA00972AFF /* HSAboutUsViewController.swift */; };
		1AB16AA41E0E56E200972AFF /* HSFeedBackViewController.swift in Sources */ = {isa = PBXBuildFile; fileRef = 1AB16AA31E0E56E200972AFF /* HSFeedBackViewController.swift */; };
		1AB16AA61E0E573400972AFF /* HSSetUpViewController.swift in Sources */ = {isa = PBXBuildFile; fileRef = 1AB16AA51E0E573400972AFF /* HSSetUpViewController.swift */; };
		1ADE365D1E113DF3001609DE /* HSAFNWorkTools.swift in Sources */ = {isa = PBXBuildFile; fileRef = 1ADE365C1E113DF3001609DE /* HSAFNWorkTools.swift */; };
		1AE9C5A11E0BEAF70036F9E3 /* AppDelegate.swift in Sources */ = {isa = PBXBuildFile; fileRef = 1AE9C5A01E0BEAF70036F9E3 /* AppDelegate.swift */; };
		1AE9C5A61E0BEAF70036F9E3 /* Main.storyboard in Resources */ = {isa = PBXBuildFile; fileRef = 1AE9C5A41E0BEAF70036F9E3 /* Main.storyboard */; };
		1AE9C5A81E0BEAF70036F9E3 /* Assets.xcassets in Resources */ = {isa = PBXBuildFile; fileRef = 1AE9C5A71E0BEAF70036F9E3 /* Assets.xcassets */; };
		1AE9C5AB1E0BEAF70036F9E3 /* LaunchScreen.storyboard in Resources */ = {isa = PBXBuildFile; fileRef = 1AE9C5A91E0BEAF70036F9E3 /* LaunchScreen.storyboard */; };
		1AE9C5B31E0BEC0F0036F9E3 /* tabar.plist in Resources */ = {isa = PBXBuildFile; fileRef = 1AE9C5B21E0BEC0F0036F9E3 /* tabar.plist */; };
		1AE9C5BF1E0BEF2D0036F9E3 /* HSLoginController.swift in Sources */ = {isa = PBXBuildFile; fileRef = 1AE9C5BE1E0BEF2D0036F9E3 /* HSLoginController.swift */; };
		1AE9C5C11E0BEF5D0036F9E3 /* HSTabBarController.swift in Sources */ = {isa = PBXBuildFile; fileRef = 1AE9C5C01E0BEF5D0036F9E3 /* HSTabBarController.swift */; };
		1AE9C5C31E0BEF9D0036F9E3 /* HSMessageController.swift in Sources */ = {isa = PBXBuildFile; fileRef = 1AE9C5C21E0BEF9D0036F9E3 /* HSMessageController.swift */; };
		1AE9C5C51E0BEFB10036F9E3 /* HSHomeworkController.swift in Sources */ = {isa = PBXBuildFile; fileRef = 1AE9C5C41E0BEFB10036F9E3 /* HSHomeworkController.swift */; };
		1AE9C5C71E0BEFC40036F9E3 /* HSClassroomController.swift in Sources */ = {isa = PBXBuildFile; fileRef = 1AE9C5C61E0BEFC40036F9E3 /* HSClassroomController.swift */; };
		1AE9C5C91E0BEFD30036F9E3 /* HSExaminationController.swift in Sources */ = {isa = PBXBuildFile; fileRef = 1AE9C5C81E0BEFD30036F9E3 /* HSExaminationController.swift */; };
		1AE9C5CB1E0BF2050036F9E3 /* Bundle+Extension.swift in Sources */ = {isa = PBXBuildFile; fileRef = 1AE9C5CA1E0BF2050036F9E3 /* Bundle+Extension.swift */; };
		1AE9C5CD1E0BF2230036F9E3 /* UIColor+Extension.swift in Sources */ = {isa = PBXBuildFile; fileRef = 1AE9C5CC1E0BF2230036F9E3 /* UIColor+Extension.swift */; };
		1AE9C61D1E0D12EC0036F9E3 /* HSNavigationController.swift in Sources */ = {isa = PBXBuildFile; fileRef = 1AE9C61C1E0D12EC0036F9E3 /* HSNavigationController.swift */; };
		1AE9C61F1E0D14630036F9E3 /* HSLeftViewController.swift in Sources */ = {isa = PBXBuildFile; fileRef = 1AE9C61E1E0D14630036F9E3 /* HSLeftViewController.swift */; };
		1AE9C6211E0D160D0036F9E3 /* HSCommonFile.swift in Sources */ = {isa = PBXBuildFile; fileRef = 1AE9C6201E0D160D0036F9E3 /* HSCommonFile.swift */; };
		1AE9C6231E0D16890036F9E3 /* UIBarbuttomItem+Extension.swift in Sources */ = {isa = PBXBuildFile; fileRef = 1AE9C6221E0D16890036F9E3 /* UIBarbuttomItem+Extension.swift */; };
		1AE9C6251E0D1E340036F9E3 /* HSDrawerController.swift in Sources */ = {isa = PBXBuildFile; fileRef = 1AE9C6241E0D1E340036F9E3 /* HSDrawerController.swift */; };
		F884E713593D551B355B46AD /* Pods_HomeAndSchool01.framework in Frameworks */ = {isa = PBXBuildFile; fileRef = B7E2429D31ECCD2741686500 /* Pods_HomeAndSchool01.framework */; };
/* End PBXBuildFile section */

/* Begin PBXFileReference section */
		1A231E631E13BC7E0023EF02 /* UILabel+extension.swift */ = {isa = PBXFileReference; fileEncoding = 4; lastKnownFileType = sourcecode.swift; path = "UILabel+extension.swift"; sourceTree = "<group>"; };
		1A231E671E13E4BA0023EF02 /* HSScheduleModel.swift */ = {isa = PBXFileReference; fileEncoding = 4; lastKnownFileType = sourcecode.swift; path = HSScheduleModel.swift; sourceTree = "<group>"; };
		1A231E691E13E4F90023EF02 /* HSScheduleCell.swift */ = {isa = PBXFileReference; fileEncoding = 4; lastKnownFileType = sourcecode.swift; path = HSScheduleCell.swift; sourceTree = "<group>"; };
		1AA288741E12BD8F001902D9 /* UIImage+WithColor.swift */ = {isa = PBXFileReference; fileEncoding = 4; lastKnownFileType = sourcecode.swift; path = "UIImage+WithColor.swift"; sourceTree = "<group>"; };
		1AB16A9F1E0E56B300972AFF /* HSScheduleViewController.swift */ = {isa = PBXFileReference; fileEncoding = 4; lastKnownFileType = sourcecode.swift; path = HSScheduleViewController.swift; sourceTree = "<group>"; };
		1AB16AA11E0E56CA00972AFF /* HSAboutUsViewController.swift */ = {isa = PBXFileReference; fileEncoding = 4; lastKnownFileType = sourcecode.swift; path = HSAboutUsViewController.swift; sourceTree = "<group>"; };
		1AB16AA31E0E56E200972AFF /* HSFeedBackViewController.swift */ = {isa = PBXFileReference; fileEncoding = 4; lastKnownFileType = sourcecode.swift; path = HSFeedBackViewController.swift; sourceTree = "<group>"; };
		1AB16AA51E0E573400972AFF /* HSSetUpViewController.swift */ = {isa = PBXFileReference; fileEncoding = 4; lastKnownFileType = sourcecode.swift; path = HSSetUpViewController.swift; sourceTree = "<group>"; };
		1ADE365C1E113DF3001609DE /* HSAFNWorkTools.swift */ = {isa = PBXFileReference; fileEncoding = 4; lastKnownFileType = sourcecode.swift; path = HSAFNWorkTools.swift; sourceTree = "<group>"; };
		1AE9C59D1E0BEAF70036F9E3 /* HomeAndSchool01.app */ = {isa = PBXFileReference; explicitFileType = wrapper.application; includeInIndex = 0; path = HomeAndSchool01.app; sourceTree = BUILT_PRODUCTS_DIR; };
		1AE9C5A01E0BEAF70036F9E3 /* AppDelegate.swift */ = {isa = PBXFileReference; lastKnownFileType = sourcecode.swift; path = AppDelegate.swift; sourceTree = "<group>"; };
		1AE9C5A51E0BEAF70036F9E3 /* Base */ = {isa = PBXFileReference; lastKnownFileType = file.storyboard; name = Base; path = Base.lproj/Main.storyboard; sourceTree = "<group>"; };
		1AE9C5A71E0BEAF70036F9E3 /* Assets.xcassets */ = {isa = PBXFileReference; lastKnownFileType = folder.assetcatalog; path = Assets.xcassets; sourceTree = "<group>"; };
		1AE9C5AA1E0BEAF70036F9E3 /* Base */ = {isa = PBXFileReference; lastKnownFileType = file.storyboard; name = Base; path = Base.lproj/LaunchScreen.storyboard; sourceTree = "<group>"; };
		1AE9C5AC1E0BEAF70036F9E3 /* Info.plist */ = {isa = PBXFileReference; lastKnownFileType = text.plist.xml; path = Info.plist; sourceTree = "<group>"; };
		1AE9C5B21E0BEC0F0036F9E3 /* tabar.plist */ = {isa = PBXFileReference; fileEncoding = 4; lastKnownFileType = text.plist.xml; path = tabar.plist; sourceTree = "<group>"; };
		1AE9C5BE1E0BEF2D0036F9E3 /* HSLoginController.swift */ = {isa = PBXFileReference; fileEncoding = 4; lastKnownFileType = sourcecode.swift; path = HSLoginController.swift; sourceTree = "<group>"; };
		1AE9C5C01E0BEF5D0036F9E3 /* HSTabBarController.swift */ = {isa = PBXFileReference; fileEncoding = 4; lastKnownFileType = sourcecode.swift; path = HSTabBarController.swift; sourceTree = "<group>"; };
		1AE9C5C21E0BEF9D0036F9E3 /* HSMessageController.swift */ = {isa = PBXFileReference; fileEncoding = 4; lastKnownFileType = sourcecode.swift; path = HSMessageController.swift; sourceTree = "<group>"; };
		1AE9C5C41E0BEFB10036F9E3 /* HSHomeworkController.swift */ = {isa = PBXFileReference; fileEncoding = 4; lastKnownFileType = sourcecode.swift; path = HSHomeworkController.swift; sourceTree = "<group>"; };
		1AE9C5C61E0BEFC40036F9E3 /* HSClassroomController.swift */ = {isa = PBXFileReference; fileEncoding = 4; lastKnownFileType = sourcecode.swift; path = HSClassroomController.swift; sourceTree = "<group>"; };
		1AE9C5C81E0BEFD30036F9E3 /* HSExaminationController.swift */ = {isa = PBXFileReference; fileEncoding = 4; lastKnownFileType = sourcecode.swift; path = HSExaminationController.swift; sourceTree = "<group>"; };
		1AE9C5CA1E0BF2050036F9E3 /* Bundle+Extension.swift */ = {isa = PBXFileReference; fileEncoding = 4; lastKnownFileType = sourcecode.swift; path = "Bundle+Extension.swift"; sourceTree = "<group>"; };
		1AE9C5CC1E0BF2230036F9E3 /* UIColor+Extension.swift */ = {isa = PBXFileReference; fileEncoding = 4; lastKnownFileType = sourcecode.swift; path = "UIColor+Extension.swift"; sourceTree = "<group>"; };
		1AE9C61C1E0D12EC0036F9E3 /* HSNavigationController.swift */ = {isa = PBXFileReference; fileEncoding = 4; lastKnownFileType = sourcecode.swift; path = HSNavigationController.swift; sourceTree = "<group>"; };
		1AE9C61E1E0D14630036F9E3 /* HSLeftViewController.swift */ = {isa = PBXFileReference; fileEncoding = 4; lastKnownFileType = sourcecode.swift; path = HSLeftViewController.swift; sourceTree = "<group>"; };
		1AE9C6201E0D160D0036F9E3 /* HSCommonFile.swift */ = {isa = PBXFileReference; fileEncoding = 4; lastKnownFileType = sourcecode.swift; path = HSCommonFile.swift; sourceTree = "<group>"; };
		1AE9C6221E0D16890036F9E3 /* UIBarbuttomItem+Extension.swift */ = {isa = PBXFileReference; fileEncoding = 4; lastKnownFileType = sourcecode.swift; path = "UIBarbuttomItem+Extension.swift"; sourceTree = "<group>"; };
		1AE9C6241E0D1E340036F9E3 /* HSDrawerController.swift */ = {isa = PBXFileReference; fileEncoding = 4; lastKnownFileType = sourcecode.swift; path = HSDrawerController.swift; sourceTree = "<group>"; };
		B7E2429D31ECCD2741686500 /* Pods_HomeAndSchool01.framework */ = {isa = PBXFileReference; explicitFileType = wrapper.framework; includeInIndex = 0; path = Pods_HomeAndSchool01.framework; sourceTree = BUILT_PRODUCTS_DIR; };
		C68F51CB9438098C149599A7 /* Pods-HomeAndSchool01.release.xcconfig */ = {isa = PBXFileReference; includeInIndex = 1; lastKnownFileType = text.xcconfig; name = "Pods-HomeAndSchool01.release.xcconfig"; path = "Pods/Target Support Files/Pods-HomeAndSchool01/Pods-HomeAndSchool01.release.xcconfig"; sourceTree = "<group>"; };
		F158E030843FCFA3E07AC947 /* Pods-HomeAndSchool01.debug.xcconfig */ = {isa = PBXFileReference; includeInIndex = 1; lastKnownFileType = text.xcconfig; name = "Pods-HomeAndSchool01.debug.xcconfig"; path = "Pods/Target Support Files/Pods-HomeAndSchool01/Pods-HomeAndSchool01.debug.xcconfig"; sourceTree = "<group>"; };
/* End PBXFileReference section */

/* Begin PBXFrameworksBuildPhase section */
		1AE9C59A1E0BEAF70036F9E3 /* Frameworks */ = {
			isa = PBXFrameworksBuildPhase;
			buildActionMask = 2147483647;
			files = (
				F884E713593D551B355B46AD /* Pods_HomeAndSchool01.framework in Frameworks */,
			);
			runOnlyForDeploymentPostprocessing = 0;
		};
/* End PBXFrameworksBuildPhase section */

/* Begin PBXGroup section */
		1AE9C5941E0BEAF70036F9E3 = {
			isa = PBXGroup;
			children = (
				1AE9C59F1E0BEAF70036F9E3 /* HomeAndSchool01 */,
				1AE9C59E1E0BEAF70036F9E3 /* Products */,
				3834A40EC884D00162C3DB66 /* Pods */,
				47EC7401B0C5A3E69877C8D4 /* Frameworks */,
			);
			sourceTree = "<group>";
		};
		1AE9C59E1E0BEAF70036F9E3 /* Products */ = {
			isa = PBXGroup;
			children = (
				1AE9C59D1E0BEAF70036F9E3 /* HomeAndSchool01.app */,
			);
			name = Products;
			sourceTree = "<group>";
		};
		1AE9C59F1E0BEAF70036F9E3 /* HomeAndSchool01 */ = {
			isa = PBXGroup;
			children = (
				1AE9C5B41E0BECCC0036F9E3 /* Classes */,
				1AE9C5A01E0BEAF70036F9E3 /* AppDelegate.swift */,
				1AE9C5A41E0BEAF70036F9E3 /* Main.storyboard */,
				1AE9C5A71E0BEAF70036F9E3 /* Assets.xcassets */,
				1AE9C5B21E0BEC0F0036F9E3 /* tabar.plist */,
				1AE9C5A91E0BEAF70036F9E3 /* LaunchScreen.storyboard */,
				1AE9C5AC1E0BEAF70036F9E3 /* Info.plist */,
			);
			path = HomeAndSchool01;
			sourceTree = "<group>";
		};
		1AE9C5B41E0BECCC0036F9E3 /* Classes */ = {
			isa = PBXGroup;
			children = (
				1AE9C5B71E0BECCC0036F9E3 /* HSCommon */,
				1AE9C5BD1E0BECCD0036F9E3 /* Tools */,
				1AE9C5B91E0BECCD0036F9E3 /* Login */,
				1AE9C5BA1E0BECCD0036F9E3 /* Main */,
				1AE9C5B81E0BECCD0036F9E3 /* LeftView */,
				1AE9C5BB1E0BECCD0036F9E3 /* Message */,
				1AE9C5B61E0BECCC0036F9E3 /* Homework */,
				1AE9C5B51E0BECCC0036F9E3 /* Classroom */,
				1AE9C5BC1E0BECCD0036F9E3 /* Score */,
			);
			path = Classes;
			sourceTree = "<group>";
		};
		1AE9C5B51E0BECCC0036F9E3 /* Classroom */ = {
			isa = PBXGroup;
			children = (
				1AE9C5C61E0BEFC40036F9E3 /* HSClassroomController.swift */,
			);
			path = Classroom;
			sourceTree = "<group>";
		};
		1AE9C5B61E0BECCC0036F9E3 /* Homework */ = {
			isa = PBXGroup;
			children = (
				1AE9C5C41E0BEFB10036F9E3 /* HSHomeworkController.swift */,
			);
			path = Homework;
			sourceTree = "<group>";
		};
		1AE9C5B71E0BECCC0036F9E3 /* HSCommon */ = {
			isa = PBXGroup;
			children = (
				1AE9C5CA1E0BF2050036F9E3 /* Bundle+Extension.swift */,
				1AE9C5CC1E0BF2230036F9E3 /* UIColor+Extension.swift */,
				1AE9C6201E0D160D0036F9E3 /* HSCommonFile.swift */,
				1AE9C6221E0D16890036F9E3 /* UIBarbuttomItem+Extension.swift */,
				1AA288741E12BD8F001902D9 /* UIImage+WithColor.swift */,
				1A231E631E13BC7E0023EF02 /* UILabel+extension.swift */,
			);
			path = HSCommon;
			sourceTree = "<group>";
		};
		1AE9C5B81E0BECCD0036F9E3 /* LeftView */ = {
			isa = PBXGroup;
			children = (
				1AE9C61E1E0D14630036F9E3 /* HSLeftViewController.swift */,
				1AB16A9F1E0E56B300972AFF /* HSScheduleViewController.swift */,
				1AB16AA11E0E56CA00972AFF /* HSAboutUsViewController.swift */,
				1AB16AA31E0E56E200972AFF /* HSFeedBackViewController.swift */,
				1AB16AA51E0E573400972AFF /* HSSetUpViewController.swift */,
				1A231E691E13E4F90023EF02 /* HSScheduleCell.swift */,
				1A231E671E13E4BA0023EF02 /* HSScheduleModel.swift */,
			);
			path = LeftView;
			sourceTree = "<group>";
		};
		1AE9C5B91E0BECCD0036F9E3 /* Login */ = {
			isa = PBXGroup;
			children = (
				1AE9C5BE1E0BEF2D0036F9E3 /* HSLoginController.swift */,
			);
			path = Login;
			sourceTree = "<group>";
		};
		1AE9C5BA1E0BECCD0036F9E3 /* Main */ = {
			isa = PBXGroup;
			children = (
				1AE9C5C01E0BEF5D0036F9E3 /* HSTabBarController.swift */,
				1AE9C61C1E0D12EC0036F9E3 /* HSNavigationController.swift */,
				1AE9C6241E0D1E340036F9E3 /* HSDrawerController.swift */,
			);
			path = Main;
			sourceTree = "<group>";
		};
		1AE9C5BB1E0BECCD0036F9E3 /* Message */ = {
			isa = PBXGroup;
			children = (
				1AE9C5C21E0BEF9D0036F9E3 /* HSMessageController.swift */,
			);
			path = Message;
			sourceTree = "<group>";
		};
		1AE9C5BC1E0BECCD0036F9E3 /* Score */ = {
			isa = PBXGroup;
			children = (
				1AE9C5C81E0BEFD30036F9E3 /* HSExaminationController.swift */,
			);
			path = Score;
			sourceTree = "<group>";
		};
		1AE9C5BD1E0BECCD0036F9E3 /* Tools */ = {
			isa = PBXGroup;
			children = (
				1ADE365C1E113DF3001609DE /* HSAFNWorkTools.swift */,
			);
			path = Tools;
			sourceTree = "<group>";
		};
		3834A40EC884D00162C3DB66 /* Pods */ = {
			isa = PBXGroup;
			children = (
				F158E030843FCFA3E07AC947 /* Pods-HomeAndSchool01.debug.xcconfig */,
				C68F51CB9438098C149599A7 /* Pods-HomeAndSchool01.release.xcconfig */,
			);
			name = Pods;
			sourceTree = "<group>";
		};
		47EC7401B0C5A3E69877C8D4 /* Frameworks */ = {
			isa = PBXGroup;
			children = (
				B7E2429D31ECCD2741686500 /* Pods_HomeAndSchool01.framework */,
			);
			name = Frameworks;
			sourceTree = "<group>";
		};
/* End PBXGroup section */

/* Begin PBXNativeTarget section */
		1AE9C59C1E0BEAF70036F9E3 /* HomeAndSchool01 */ = {
			isa = PBXNativeTarget;
			buildConfigurationList = 1AE9C5AF1E0BEAF70036F9E3 /* Build configuration list for PBXNativeTarget "HomeAndSchool01" */;
			buildPhases = (
				6C25B82249B382B59CCA5B0A /* [CP] Check Pods Manifest.lock */,
				1AE9C5991E0BEAF70036F9E3 /* Sources */,
				1AE9C59A1E0BEAF70036F9E3 /* Frameworks */,
				1AE9C59B1E0BEAF70036F9E3 /* Resources */,
				B5082E472481D9DAD4FCAB16 /* [CP] Embed Pods Frameworks */,
				44BCDF0698F4173022EAD143 /* [CP] Copy Pods Resources */,
			);
			buildRules = (
			);
			dependencies = (
			);
			name = HomeAndSchool01;
			productName = HomeAndSchool01;
			productReference = 1AE9C59D1E0BEAF70036F9E3 /* HomeAndSchool01.app */;
			productType = "com.apple.product-type.application";
		};
/* End PBXNativeTarget section */

/* Begin PBXProject section */
		1AE9C5951E0BEAF70036F9E3 /* Project object */ = {
			isa = PBXProject;
			attributes = {
				CLASSPREFIX = HS;
				LastSwiftUpdateCheck = 0820;
				LastUpgradeCheck = 0820;
				ORGANIZATIONNAME = ljm;
				TargetAttributes = {
					1AE9C59C1E0BEAF70036F9E3 = {
						CreatedOnToolsVersion = 8.2;
						DevelopmentTeam = 2PC8J9MPF4;
						ProvisioningStyle = Automatic;
					};
				};
			};
			buildConfigurationList = 1AE9C5981E0BEAF70036F9E3 /* Build configuration list for PBXProject "HomeAndSchool01" */;
			compatibilityVersion = "Xcode 3.2";
			developmentRegion = English;
			hasScannedForEncodings = 0;
			knownRegions = (
				en,
				Base,
			);
			mainGroup = 1AE9C5941E0BEAF70036F9E3;
			productRefGroup = 1AE9C59E1E0BEAF70036F9E3 /* Products */;
			projectDirPath = "";
			projectRoot = "";
			targets = (
				1AE9C59C1E0BEAF70036F9E3 /* HomeAndSchool01 */,
			);
		};
/* End PBXProject section */

/* Begin PBXResourcesBuildPhase section */
		1AE9C59B1E0BEAF70036F9E3 /* Resources */ = {
			isa = PBXResourcesBuildPhase;
			buildActionMask = 2147483647;
			files = (
				1AE9C5AB1E0BEAF70036F9E3 /* LaunchScreen.storyboard in Resources */,
				1AE9C5A81E0BEAF70036F9E3 /* Assets.xcassets in Resources */,
				1AE9C5A61E0BEAF70036F9E3 /* Main.storyboard in Resources */,
				1AE9C5B31E0BEC0F0036F9E3 /* tabar.plist in Resources */,
			);
			runOnlyForDeploymentPostprocessing = 0;
		};
/* End PBXResourcesBuildPhase section */

/* Begin PBXShellScriptBuildPhase section */
		44BCDF0698F4173022EAD143 /* [CP] Copy Pods Resources */ = {
			isa = PBXShellScriptBuildPhase;
			buildActionMask = 2147483647;
			files = (
			);
			inputPaths = (
			);
			name = "[CP] Copy Pods Resources";
			outputPaths = (
			);
			runOnlyForDeploymentPostprocessing = 0;
			shellPath = /bin/sh;
			shellScript = "\"${SRCROOT}/Pods/Target Support Files/Pods-HomeAndSchool01/Pods-HomeAndSchool01-resources.sh\"\n";
			showEnvVarsInLog = 0;
		};
		6C25B82249B382B59CCA5B0A /* [CP] Check Pods Manifest.lock */ = {
			isa = PBXShellScriptBuildPhase;
			buildActionMask = 2147483647;
			files = (
			);
			inputPaths = (
			);
			name = "[CP] Check Pods Manifest.lock";
			outputPaths = (
			);
			runOnlyForDeploymentPostprocessing = 0;
			shellPath = /bin/sh;
			shellScript = "diff \"${PODS_ROOT}/../Podfile.lock\" \"${PODS_ROOT}/Manifest.lock\" > /dev/null\nif [ $? != 0 ] ; then\n    # print error to STDERR\n    echo \"error: The sandbox is not in sync with the Podfile.lock. Run 'pod install' or update your CocoaPods installation.\" >&2\n    exit 1\nfi\n";
			showEnvVarsInLog = 0;
		};
		B5082E472481D9DAD4FCAB16 /* [CP] Embed Pods Frameworks */ = {
			isa = PBXShellScriptBuildPhase;
			buildActionMask = 2147483647;
			files = (
			);
			inputPaths = (
			);
			name = "[CP] Embed Pods Frameworks";
			outputPaths = (
			);
			runOnlyForDeploymentPostprocessing = 0;
			shellPath = /bin/sh;
			shellScript = "\"${SRCROOT}/Pods/Target Support Files/Pods-HomeAndSchool01/Pods-HomeAndSchool01-frameworks.sh\"\n";
			showEnvVarsInLog = 0;
		};
/* End PBXShellScriptBuildPhase section */

/* Begin PBXSourcesBuildPhase section */
		1AE9C5991E0BEAF70036F9E3 /* Sources */ = {
			isa = PBXSourcesBuildPhase;
			buildActionMask = 2147483647;
			files = (
				1A231E6A1E13E4F90023EF02 /* HSScheduleCell.swift in Sources */,
				1AE9C5C31E0BEF9D0036F9E3 /* HSMessageController.swift in Sources */,
				1AE9C5BF1E0BEF2D0036F9E3 /* HSLoginController.swift in Sources */,
				1AE9C5C51E0BEFB10036F9E3 /* HSHomeworkController.swift in Sources */,
				1AE9C5CD1E0BF2230036F9E3 /* UIColor+Extension.swift in Sources */,
				1AE9C5CB1E0BF2050036F9E3 /* Bundle+Extension.swift in Sources */,
				1AA288751E12BD8F001902D9 /* UIImage+WithColor.swift in Sources */,
				1ADE365D1E113DF3001609DE /* HSAFNWorkTools.swift in Sources */,
				1AB16AA21E0E56CA00972AFF /* HSAboutUsViewController.swift in Sources */,
				1AE9C6211E0D160D0036F9E3 /* HSCommonFile.swift in Sources */,
				1AB16AA01E0E56B300972AFF /* HSScheduleViewController.swift in Sources */,
				1AE9C5C11E0BEF5D0036F9E3 /* HSTabBarController.swift in Sources */,
				1AE9C61D1E0D12EC0036F9E3 /* HSNavigationController.swift in Sources */,
				1AE9C5C71E0BEFC40036F9E3 /* HSClassroomController.swift in Sources */,
				1AB16AA61E0E573400972AFF /* HSSetUpViewController.swift in Sources */,
				1AE9C6231E0D16890036F9E3 /* UIBarbuttomItem+Extension.swift in Sources */,
				1AB16AA41E0E56E200972AFF /* HSFeedBackViewController.swift in Sources */,
				1AE9C61F1E0D14630036F9E3 /* HSLeftViewController.swift in Sources */,
				1AE9C5C91E0BEFD30036F9E3 /* HSExaminationController.swift in Sources */,
				1AE9C5A11E0BEAF70036F9E3 /* AppDelegate.swift in Sources */,
				1AE9C6251E0D1E340036F9E3 /* HSDrawerController.swift in Sources */,
				1A231E681E13E4BA0023EF02 /* HSScheduleModel.swift in Sources */,
				1A231E641E13BC7E0023EF02 /* UILabel+extension.swift in Sources */,
			);
			runOnlyForDeploymentPostprocessing = 0;
		};
/* End PBXSourcesBuildPhase section */

/* Begin PBXVariantGroup section */
		1AE9C5A41E0BEAF70036F9E3 /* Main.storyboard */ = {
			isa = PBXVariantGroup;
			children = (
				1AE9C5A51E0BEAF70036F9E3 /* Base */,
			);
			name = Main.storyboard;
			sourceTree = "<group>";
		};
		1AE9C5A91E0BEAF70036F9E3 /* LaunchScreen.storyboard */ = {
			isa = PBXVariantGroup;
			children = (
				1AE9C5AA1E0BEAF70036F9E3 /* Base */,
			);
			name = LaunchScreen.storyboard;
			sourceTree = "<group>";
		};
/* End PBXVariantGroup section */

/* Begin XCBuildConfiguration section */
		1AE9C5AD1E0BEAF70036F9E3 /* Debug */ = {
			isa = XCBuildConfiguration;
			buildSettings = {
				ALWAYS_SEARCH_USER_PATHS = NO;
				CLANG_ANALYZER_NONNULL = YES;
				CLANG_CXX_LANGUAGE_STANDARD = "gnu++0x";
				CLANG_CXX_LIBRARY = "libc++";
				CLANG_ENABLE_MODULES = YES;
				CLANG_ENABLE_OBJC_ARC = YES;
				CLANG_WARN_BOOL_CONVERSION = YES;
				CLANG_WARN_CONSTANT_CONVERSION = YES;
				CLANG_WARN_DIRECT_OBJC_ISA_USAGE = YES_ERROR;
				CLANG_WARN_DOCUMENTATION_COMMENTS = YES;
				CLANG_WARN_EMPTY_BODY = YES;
				CLANG_WARN_ENUM_CONVERSION = YES;
				CLANG_WARN_INFINITE_RECURSION = YES;
				CLANG_WARN_INT_CONVERSION = YES;
				CLANG_WARN_OBJC_ROOT_CLASS = YES_ERROR;
				CLANG_WARN_SUSPICIOUS_MOVE = YES;
				CLANG_WARN_UNREACHABLE_CODE = YES;
				CLANG_WARN__DUPLICATE_METHOD_MATCH = YES;
				"CODE_SIGN_IDENTITY[sdk=iphoneos*]" = "iPhone Developer";
				COPY_PHASE_STRIP = NO;
				DEBUG_INFORMATION_FORMAT = dwarf;
				ENABLE_STRICT_OBJC_MSGSEND = YES;
				ENABLE_TESTABILITY = YES;
				GCC_C_LANGUAGE_STANDARD = gnu99;
				GCC_DYNAMIC_NO_PIC = NO;
				GCC_NO_COMMON_BLOCKS = YES;
				GCC_OPTIMIZATION_LEVEL = 0;
				GCC_PREPROCESSOR_DEFINITIONS = (
					"DEBUG=1",
					"$(inherited)",
				);
				GCC_WARN_64_TO_32_BIT_CONVERSION = YES;
				GCC_WARN_ABOUT_RETURN_TYPE = YES_ERROR;
				GCC_WARN_UNDECLARED_SELECTOR = YES;
				GCC_WARN_UNINITIALIZED_AUTOS = YES_AGGRESSIVE;
				GCC_WARN_UNUSED_FUNCTION = YES;
				GCC_WARN_UNUSED_VARIABLE = YES;
				IPHONEOS_DEPLOYMENT_TARGET = 10.2;
				MTL_ENABLE_DEBUG_INFO = YES;
				ONLY_ACTIVE_ARCH = YES;
				SDKROOT = iphoneos;
				SWIFT_ACTIVE_COMPILATION_CONDITIONS = DEBUG;
				SWIFT_OPTIMIZATION_LEVEL = "-Onone";
				TARGETED_DEVICE_FAMILY = "1,2";
			};
			name = Debug;
		};
		1AE9C5AE1E0BEAF70036F9E3 /* Release */ = {
			isa = XCBuildConfiguration;
			buildSettings = {
				ALWAYS_SEARCH_USER_PATHS = NO;
				CLANG_ANALYZER_NONNULL = YES;
				CLANG_CXX_LANGUAGE_STANDARD = "gnu++0x";
				CLANG_CXX_LIBRARY = "libc++";
				CLANG_ENABLE_MODULES = YES;
				CLANG_ENABLE_OBJC_ARC = YES;
				CLANG_WARN_BOOL_CONVERSION = YES;
				CLANG_WARN_CONSTANT_CONVERSION = YES;
				CLANG_WARN_DIRECT_OBJC_ISA_USAGE = YES_ERROR;
				CLANG_WARN_DOCUMENTATION_COMMENTS = YES;
				CLANG_WARN_EMPTY_BODY = YES;
				CLANG_WARN_ENUM_CONVERSION = YES;
				CLANG_WARN_INFINITE_RECURSION = YES;
				CLANG_WARN_INT_CONVERSION = YES;
				CLANG_WARN_OBJC_ROOT_CLASS = YES_ERROR;
				CLANG_WARN_SUSPICIOUS_MOVE = YES;
				CLANG_WARN_UNREACHABLE_CODE = YES;
				CLANG_WARN__DUPLICATE_METHOD_MATCH = YES;
				"CODE_SIGN_IDENTITY[sdk=iphoneos*]" = "iPhone Developer";
				COPY_PHASE_STRIP = NO;
				DEBUG_INFORMATION_FORMAT = "dwarf-with-dsym";
				ENABLE_NS_ASSERTIONS = NO;
				ENABLE_STRICT_OBJC_MSGSEND = YES;
				GCC_C_LANGUAGE_STANDARD = gnu99;
				GCC_NO_COMMON_BLOCKS = YES;
				GCC_WARN_64_TO_32_BIT_CONVERSION = YES;
				GCC_WARN_ABOUT_RETURN_TYPE = YES_ERROR;
				GCC_WARN_UNDECLARED_SELECTOR = YES;
				GCC_WARN_UNINITIALIZED_AUTOS = YES_AGGRESSIVE;
				GCC_WARN_UNUSED_FUNCTION = YES;
				GCC_WARN_UNUSED_VARIABLE = YES;
				IPHONEOS_DEPLOYMENT_TARGET = 10.2;
				MTL_ENABLE_DEBUG_INFO = NO;
				SDKROOT = iphoneos;
				SWIFT_OPTIMIZATION_LEVEL = "-Owholemodule";
				TARGETED_DEVICE_FAMILY = "1,2";
				VALIDATE_PRODUCT = YES;
			};
			name = Release;
		};
		1AE9C5B01E0BEAF70036F9E3 /* Debug */ = {
			isa = XCBuildConfiguration;
			baseConfigurationReference = F158E030843FCFA3E07AC947 /* Pods-HomeAndSchool01.debug.xcconfig */;
			buildSettings = {
				ASSETCATALOG_COMPILER_APPICON_NAME = AppIcon;
				DEVELOPMENT_TEAM = 2PC8J9MPF4;
				INFOPLIST_FILE = HomeAndSchool01/Info.plist;
				IPHONEOS_DEPLOYMENT_TARGET = 9.0;
				LD_RUNPATH_SEARCH_PATHS = "$(inherited) @executable_path/Frameworks";
				PRODUCT_BUNDLE_IDENTIFIER = com.ljm.HomeAndSchool01;
				PRODUCT_NAME = "$(TARGET_NAME)";
				SWIFT_VERSION = 3.0;
			};
			name = Debug;
		};
		1AE9C5B11E0BEAF70036F9E3 /* Release */ = {
			isa = XCBuildConfiguration;
			baseConfigurationReference = C68F51CB9438098C149599A7 /* Pods-HomeAndSchool01.release.xcconfig */;
			buildSettings = {
				ASSETCATALOG_COMPILER_APPICON_NAME = AppIcon;
				DEVELOPMENT_TEAM = 2PC8J9MPF4;
				INFOPLIST_FILE = HomeAndSchool01/Info.plist;
				IPHONEOS_DEPLOYMENT_TARGET = 9.0;
				LD_RUNPATH_SEARCH_PATHS = "$(inherited) @executable_path/Frameworks";
				PRODUCT_BUNDLE_IDENTIFIER = com.ljm.HomeAndSchool01;
				PRODUCT_NAME = "$(TARGET_NAME)";
				SWIFT_VERSION = 3.0;
			};
			name = Release;
		};
/* End XCBuildConfiguration section */

/* Begin XCConfigurationList section */
		1AE9C5981E0BEAF70036F9E3 /* Build configuration list for PBXProject "HomeAndSchool01" */ = {
			isa = XCConfigurationList;
			buildConfigurations = (
				1AE9C5AD1E0BEAF70036F9E3 /* Debug */,
				1AE9C5AE1E0BEAF70036F9E3 /* Release */,
			);
			defaultConfigurationIsVisible = 0;
			defaultConfigurationName = Release;
		};
		1AE9C5AF1E0BEAF70036F9E3 /* Build configuration list for PBXNativeTarget "HomeAndSchool01" */ = {
			isa = XCConfigurationList;
			buildConfigurations = (
				1AE9C5B01E0BEAF70036F9E3 /* Debug */,
				1AE9C5B11E0BEAF70036F9E3 /* Release */,
			);
			defaultConfigurationIsVisible = 0;
			defaultConfigurationName = Release;
		};
/* End XCConfigurationList section */
	};
	rootObject = 1AE9C5951E0BEAF70036F9E3 /* Project object */;
}
